schema: '2.0'
stages:
  split:
    cmd: python src/data/split_data.py
    deps:
    - path: data/raw_data/minerals_raw_data.csv
      hash: md5
      md5: 617b56af2992376d5c3e91ad80823898
      size: 333757
    - path: src/data/split_data.py
      hash: md5
      md5: 008d4a6a711d6a7fc9349069d3ce5f0d
      size: 648
    outs:
    - path: data/processed_data/X_test.csv
      hash: md5
      md5: b6c2910e3b3fc562c5b516b63fc3e22c
      size: 59909
    - path: data/processed_data/X_train.csv
      hash: md5
      md5: ef01f67c035349e375300528a99938f5
      size: 238533
    - path: data/processed_data/y_test.csv
      hash: md5
      md5: a051d29629c8bbb4cfb7e85c7f0315da
      size: 6456
    - path: data/processed_data/y_train.csv
      hash: md5
      md5: a9cd9d91da89f732843d72548f64ded3
      size: 25951
  normalize:
    cmd: python src/data/normalize.py
    deps:
    - path: data/processed_data/X_test.csv
      hash: md5
      md5: b6c2910e3b3fc562c5b516b63fc3e22c
      size: 59909
    - path: data/processed_data/X_train.csv
      hash: md5
      md5: ef01f67c035349e375300528a99938f5
      size: 238533
    - path: src/data/normalize.py
      hash: md5
      md5: ed5c6e3da7bae3ec91338516c687f852
      size: 1215
    outs:
    - path: data/processed_data/X_test_scaled.csv
      hash: md5
      md5: 96f236c2c80cd5ade20d673a7e9bf309
      size: 64311
    - path: data/processed_data/X_train_scaled.csv
      hash: md5
      md5: 2ae9ad49829e68d0be841d195f490fc0
      size: 256562
  gridsearch:
    cmd: python src/models/gridsearch.py
    deps:
    - path: data/processed_data/X_train_scaled.csv
      hash: md5
      md5: 2ae9ad49829e68d0be841d195f490fc0
      size: 256562
    - path: data/processed_data/y_train.csv
      hash: md5
      md5: a9cd9d91da89f732843d72548f64ded3
      size: 25951
    - path: src/models/gridsearch.py
      hash: md5
      md5: 7a09e109e6d0d225c4e13286652c479a
      size: 1514
    outs:
    - path: models/best_params.pkl
      hash: md5
      md5: 07ef32b71d6f86d6a50b411cf75a89d5
      size: 279
  training:
    cmd: python src/models/training.py
    deps:
    - path: data/processed_data/X_train_scaled.csv
      hash: md5
      md5: 2ae9ad49829e68d0be841d195f490fc0
      size: 256562
    - path: data/processed_data/y_train.csv
      hash: md5
      md5: a9cd9d91da89f732843d72548f64ded3
      size: 25951
    - path: models/best_params.pkl
      hash: md5
      md5: 07ef32b71d6f86d6a50b411cf75a89d5
      size: 279
    - path: src/models/training.py
      hash: md5
      md5: b686958c3f0eca612e04415211e3ac07
      size: 615
    outs:
    - path: models/en_model.pkl
      hash: md5
      md5: 519fc6367181babb033d94b85941d5c5
      size: 820
  evaluate:
    cmd: python src/models/evaluate.py
    deps:
    - path: data/processed_data/X_test_scaled.csv
      hash: md5
      md5: 96f236c2c80cd5ade20d673a7e9bf309
      size: 64311
    - path: data/processed_data/y_test.csv
      hash: md5
      md5: a051d29629c8bbb4cfb7e85c7f0315da
      size: 6456
    - path: models/en_model.pkl
      hash: md5
      md5: 519fc6367181babb033d94b85941d5c5
      size: 820
    - path: src/models/evaluate.py
      hash: md5
      md5: be55ccefd0314cab1306738909f48991
      size: 1059
    outs:
    - path: data/data_predictions.csv
      hash: md5
      md5: 4860cbee359494655ac2d610f1d578f6
      size: 13182
    - path: metrics/scores.json
      hash: md5
      md5: 7fc4caa6aab299a6996f58005d6e0528
      size: 96
